// !$*UTF8*$!
{
	archiveVersion = 1;
	classes = {
	};
	objectVersion = 50;
	objects = {

/* Begin PBXBuildFile section */
		1232C1D92276E318004D9393 /* AppDelegate.swift in Sources */ = {isa = PBXBuildFile; fileRef = 1232C1D82276E318004D9393 /* AppDelegate.swift */; };
		1232C1DB2276E318004D9393 /* ViewController.swift in Sources */ = {isa = PBXBuildFile; fileRef = 1232C1DA2276E318004D9393 /* ViewController.swift */; };
		1232C1DE2276E318004D9393 /* Main.storyboard in Resources */ = {isa = PBXBuildFile; fileRef = 1232C1DC2276E318004D9393 /* Main.storyboard */; };
		1232C1E12276E318004D9393 /* DemocracyGo.xcdatamodeld in Sources */ = {isa = PBXBuildFile; fileRef = 1232C1DF2276E318004D9393 /* DemocracyGo.xcdatamodeld */; };
		1232C1E32276E31A004D9393 /* Assets.xcassets in Resources */ = {isa = PBXBuildFile; fileRef = 1232C1E22276E31A004D9393 /* Assets.xcassets */; };
		1232C1E62276E31A004D9393 /* LaunchScreen.storyboard in Resources */ = {isa = PBXBuildFile; fileRef = 1232C1E42276E31A004D9393 /* LaunchScreen.storyboard */; };
		1232C1F02276E397004D9393 /* Beautifier.swift in Sources */ = {isa = PBXBuildFile; fileRef = 1232C1EE2276E397004D9393 /* Beautifier.swift */; };
		1232C1F12276E397004D9393 /* Utility.swift in Sources */ = {isa = PBXBuildFile; fileRef = 1232C1EF2276E397004D9393 /* Utility.swift */; };
/* End PBXBuildFile section */

/* Begin PBXFileReference section */
		1232C1D52276E318004D9393 /* DemocracyGo.app */ = {isa = PBXFileReference; explicitFileType = wrapper.application; includeInIndex = 0; path = DemocracyGo.app; sourceTree = BUILT_PRODUCTS_DIR; };
		1232C1D82276E318004D9393 /* AppDelegate.swift */ = {isa = PBXFileReference; lastKnownFileType = sourcecode.swift; path = AppDelegate.swift; sourceTree = "<group>"; };
		1232C1DA2276E318004D9393 /* ViewController.swift */ = {isa = PBXFileReference; lastKnownFileType = sourcecode.swift; path = ViewController.swift; sourceTree = "<group>"; };
		1232C1DD2276E318004D9393 /* Base */ = {isa = PBXFileReference; lastKnownFileType = file.storyboard; name = Base; path = Base.lproj/Main.storyboard; sourceTree = "<group>"; };
		1232C1E02276E318004D9393 /* DemocracyGo.xcdatamodel */ = {isa = PBXFileReference; lastKnownFileType = wrapper.xcdatamodel; path = DemocracyGo.xcdatamodel; sourceTree = "<group>"; };
		1232C1E22276E31A004D9393 /* Assets.xcassets */ = {isa = PBXFileReference; lastKnownFileType = folder.assetcatalog; path = Assets.xcassets; sourceTree = "<group>"; };
		1232C1E52276E31A004D9393 /* Base */ = {isa = PBXFileReference; lastKnownFileType = file.storyboard; name = Base; path = Base.lproj/LaunchScreen.storyboard; sourceTree = "<group>"; };
		1232C1E72276E31A004D9393 /* Info.plist */ = {isa = PBXFileReference; lastKnownFileType = text.plist.xml; path = Info.plist; sourceTree = "<group>"; };
		1232C1EE2276E397004D9393 /* Beautifier.swift */ = {isa = PBXFileReference; fileEncoding = 4; lastKnownFileType = sourcecode.swift; path = Beautifier.swift; sourceTree = "<group>"; };
		1232C1EF2276E397004D9393 /* Utility.swift */ = {isa = PBXFileReference; fileEncoding = 4; lastKnownFileType = sourcecode.swift; path = Utility.swift; sourceTree = "<group>"; };
/* End PBXFileReference section */

/* Begin PBXFrameworksBuildPhase section */
		1232C1D22276E318004D9393 /* Frameworks */ = {
			isa = PBXFrameworksBuildPhase;
			buildActionMask = 2147483647;
			files = (
			);
			runOnlyForDeploymentPostprocessing = 0;
		};
/* End PBXFrameworksBuildPhase section */

/* Begin PBXGroup section */
		1232C1CC2276E318004D9393 = {
			isa = PBXGroup;
			children = (
				1232C1D72276E318004D9393 /* DemocracyGo */,
				1232C1D62276E318004D9393 /* Products */,
			);
			sourceTree = "<group>";
		};
		1232C1D62276E318004D9393 /* Products */ = {
			isa = PBXGroup;
			children = (
				1232C1D52276E318004D9393 /* DemocracyGo.app */,
			);
			name = Products;
			sourceTree = "<group>";
		};
		1232C1D72276E318004D9393 /* DemocracyGo */ = {
			isa = PBXGroup;
			children = (
				1232C1ED2276E397004D9393 /* ForCopy */,
				1232C1D82276E318004D9393 /* AppDelegate.swift */,
				1232C1DA2276E318004D9393 /* ViewController.swift */,
				1232C1DC2276E318004D9393 /* Main.storyboard */,
				1232C1E22276E31A004D9393 /* Assets.xcassets */,
				1232C1E42276E31A004D9393 /* LaunchScreen.storyboard */,
				1232C1E72276E31A004D9393 /* Info.plist */,
				1232C1DF2276E318004D9393 /* DemocracyGo.xcdatamodeld */,
			);
			path = DemocracyGo;
			sourceTree = "<group>";
		};
		1232C1ED2276E397004D9393 /* ForCopy */ = {
			isa = PBXGroup;
			children = (
				1232C1EE2276E397004D9393 /* Beautifier.swift */,
				1232C1EF2276E397004D9393 /* Utility.swift */,
			);
			path = ForCopy;
			sourceTree = "<group>";
		};
/* End PBXGroup section */

/* Begin PBXNativeTarget section */
		1232C1D42276E318004D9393 /* DemocracyGo */ = {
			isa = PBXNativeTarget;
			buildConfigurationList = 1232C1EA2276E31A004D9393 /* Build configuration list for PBXNativeTarget "DemocracyGo" */;
			buildPhases = (
				1232C1D12276E318004D9393 /* Sources */,
				1232C1D22276E318004D9393 /* Frameworks */,
				1232C1D32276E318004D9393 /* Resources */,
			);
			buildRules = (
			);
			dependencies = (
			);
			name = DemocracyGo;
			productName = DemocracyGo;
			productReference = 1232C1D52276E318004D9393 /* DemocracyGo.app */;
			productType = "com.apple.product-type.application";
		};
/* End PBXNativeTarget section */

/* Begin PBXProject section */
		1232C1CD2276E318004D9393 /* Project object */ = {
			isa = PBXProject;
			attributes = {
				LastSwiftUpdateCheck = 1010;
				LastUpgradeCheck = 1010;
				ORGANIZATIONNAME = burgkart;
				TargetAttributes = {
					1232C1D42276E318004D9393 = {
						CreatedOnToolsVersion = 10.1;
					};
				};
			};
			buildConfigurationList = 1232C1D02276E318004D9393 /* Build configuration list for PBXProject "DemocracyGo" */;
			compatibilityVersion = "Xcode 9.3";
			developmentRegion = en;
			hasScannedForEncodings = 0;
			knownRegions = (
				en,
				Base,
			);
			mainGroup = 1232C1CC2276E318004D9393;
			productRefGroup = 1232C1D62276E318004D9393 /* Products */;
			projectDirPath = "";
			projectRoot = "";
			targets = (
				1232C1D42276E318004D9393 /* DemocracyGo */,
			);
		};
/* End PBXProject section */

/* Begin PBXResourcesBuildPhase section */
		1232C1D32276E318004D9393 /* Resources */ = {
			isa = PBXResourcesBuildPhase;
			buildActionMask = 2147483647;
			files = (
				1232C1E62276E31A004D9393 /* LaunchScreen.storyboard in Resources */,
				1232C1E32276E31A004D9393 /* Assets.xcassets in Resources */,
				1232C1DE2276E318004D9393 /* Main.storyboard in Resources */,
			);
			runOnlyForDeploymentPostprocessing = 0;
		};
/* End PBXResourcesBuildPhase section */

/* Begin PBXSourcesBuildPhase section */
		1232C1D12276E318004D9393 /* Sources */ = {
			isa = PBXSourcesBuildPhase;
			buildActionMask = 2147483647;
			files = (
				1232C1F12276E397004D9393 /* Utility.swift in Sources */,
				1232C1DB2276E318004D9393 /* ViewController.swift in Sources */,
				1232C1E12276E318004D9393 /* DemocracyGo.xcdatamodeld in Sources */,
				1232C1D92276E318004D9393 /* AppDelegate.swift in Sources */,
				1232C1F02276E397004D9393 /* Beautifier.swift in Sources */,
			);
			runOnlyForDeploymentPostprocessing = 0;
		};
/* End PBXSourcesBuildPhase section */

/* Begin PBXVariantGroup section */
		1232C1DC2276E318004D9393 /* Main.storyboard */ = {
			isa = PBXVariantGroup;
			children = (
				1232C1DD2276E318004D9393 /* Base */,
			);
			name = Main.storyboard;
			sourceTree = "<group>";
		};
		1232C1E42276E31A004D9393 /* LaunchScreen.storyboard */ = {
			isa = PBXVariantGroup;
			children = (
				1232C1E52276E31A004D9393 /* Base */,
			);
			name = LaunchScreen.storyboard;
			sourceTree = "<group>";
		};
/* End PBXVariantGroup section */

/* Begin XCBuildConfiguration section */
		1232C1E82276E31A004D9393 /* Debug */ = {
			isa = XCBuildConfiguration;
			buildSettings = {
				ALWAYS_SEARCH_USER_PATHS = NO;
				CLANG_ANALYZER_NONNULL = YES;
				CLANG_ANALYZER_NUMBER_OBJECT_CONVERSION = YES_AGGRESSIVE;
				CLANG_CXX_LANGUAGE_STANDARD = "gnu++14";
				CLANG_CXX_LIBRARY = "libc++";
				CLANG_ENABLE_MODULES = YES;
				CLANG_ENABLE_OBJC_ARC = YES;
				CLANG_ENABLE_OBJC_WEAK = YES;
				CLANG_WARN_BLOCK_CAPTURE_AUTORELEASING = YES;
				CLANG_WARN_BOOL_CONVERSION = YES;
				CLANG_WARN_COMMA = YES;
				CLANG_WARN_CONSTANT_CONVERSION = YES;
				CLANG_WARN_DEPRECATED_OBJC_IMPLEMENTATIONS = YES;
				CLANG_WARN_DIRECT_OBJC_ISA_USAGE = YES_ERROR;
				CLANG_WARN_DOCUMENTATION_COMMENTS = YES;
				CLANG_WARN_EMPTY_BODY = YES;
				CLANG_WARN_ENUM_CONVERSION = YES;
				CLANG_WARN_INFINITE_RECURSION = YES;
				CLANG_WARN_INT_CONVERSION = YES;
				CLANG_WARN_NON_LITERAL_NULL_CONVERSION = YES;
				CLANG_WARN_OBJC_IMPLICIT_RETAIN_SELF = YES;
				CLANG_WARN_OBJC_LITERAL_CONVERSION = YES;
				CLANG_WARN_OBJC_ROOT_CLASS = YES_ERROR;
				CLANG_WARN_RANGE_LOOP_ANALYSIS = YES;
				CLANG_WARN_STRICT_PROTOTYPES = YES;
				CLANG_WARN_SUSPICIOUS_MOVE = YES;
				CLANG_WARN_UNGUARDED_AVAILABILITY = YES_AGGRESSIVE;
				CLANG_WARN_UNREACHABLE_CODE = YES;
				CLANG_WARN__DUPLICATE_METHOD_MATCH = YES;
				CODE_SIGN_IDENTITY = "iPhone Developer";
				COPY_PHASE_STRIP = NO;
				DEBUG_INFORMATION_FORMAT = dwarf;
				ENABLE_STRICT_OBJC_MSGSEND = YES;
				ENABLE_TESTABILITY = YES;
				GCC_C_LANGUAGE_STANDARD = gnu11;
				GCC_DYNAMIC_NO_PIC = NO;
				GCC_NO_COMMON_BLOCKS = YES;
				GCC_OPTIMIZATION_LEVEL = 0;
				GCC_PREPROCESSOR_DEFINITIONS = (
					"DEBUG=1",
					"$(inherited)",
				);
				GCC_WARN_64_TO_32_BIT_CONVERSION = YES;
				GCC_WARN_ABOUT_RETURN_TYPE = YES_ERROR;
				GCC_WARN_UNDECLARED_SELECTOR = YES;
				GCC_WARN_UNINITIALIZED_AUTOS = YES_AGGRESSIVE;
				GCC_WARN_UNUSED_FUNCTION = YES;
				GCC_WARN_UNUSED_VARIABLE = YES;
				IPHONEOS_DEPLOYMENT_TARGET = 12.1;
				MTL_ENABLE_DEBUG_INFO = INCLUDE_SOURCE;
				MTL_FAST_MATH = YES;
				ONLY_ACTIVE_ARCH = YES;
				SDKROOT = iphoneos;
				SWIFT_ACTIVE_COMPILATION_CONDITIONS = DEBUG;
				SWIFT_OPTIMIZATION_LEVEL = "-Onone";
			};
			name = Debug;
		};
		1232C1E92276E31A004D9393 /* Release */ = {
			isa = XCBuildConfiguration;
			buildSettings = {
				ALWAYS_SEARCH_USER_PATHS = NO;
				CLANG_ANALYZER_NONNULL = YES;
				CLANG_ANALYZER_NUMBER_OBJECT_CONVERSION = YES_AGGRESSIVE;
				CLANG_CXX_LANGUAGE_STANDARD = "gnu++14";
				CLANG_CXX_LIBRARY = "libc++";
				CLANG_ENABLE_MODULES = YES;
				CLANG_ENABLE_OBJC_ARC = YES;
				CLANG_ENABLE_OBJC_WEAK = YES;
				CLANG_WARN_BLOCK_CAPTURE_AUTORELEASING = YES;
				CLANG_WARN_BOOL_CONVERSION = YES;
				CLANG_WARN_COMMA = YES;
				CLANG_WARN_CONSTANT_CONVERSION = YES;
				CLANG_WARN_DEPRECATED_OBJC_IMPLEMENTATIONS = YES;
				CLANG_WARN_DIRECT_OBJC_ISA_USAGE = YES_ERROR;
				CLANG_WARN_DOCUMENTATION_COMMENTS = YES;
				CLANG_WARN_EMPTY_BODY = YES;
				CLANG_WARN_ENUM_CONVERSION = YES;
				CLANG_WARN_INFINITE_RECURSION = YES;
				CLANG_WARN_INT_CONVERSION = YES;
				CLANG_WARN_NON_LITERAL_NULL_CONVERSION = YES;
				CLANG_WARN_OBJC_IMPLICIT_RETAIN_SELF = YES;
				CLANG_WARN_OBJC_LITERAL_CONVERSION = YES;
				CLANG_WARN_OBJC_ROOT_CLASS = YES_ERROR;
				CLANG_WARN_RANGE_LOOP_ANALYSIS = YES;
				CLANG_WARN_STRICT_PROTOTYPES = YES;
				CLANG_WARN_SUSPICIOUS_MOVE = YES;
				CLANG_WARN_UNGUARDED_AVAILABILITY = YES_AGGRESSIVE;
				CLANG_WARN_UNREACHABLE_CODE = YES;
				CLANG_WARN__DUPLICATE_METHOD_MATCH = YES;
				CODE_SIGN_IDENTITY = "iPhone Developer";
				COPY_PHASE_STRIP = NO;
				DEBUG_INFORMATION_FORMAT = "dwarf-with-dsym";
				ENABLE_NS_ASSERTIONS = NO;
				ENABLE_STRICT_OBJC_MSGSEND = YES;
				GCC_C_LANGUAGE_STANDARD = gnu11;
				GCC_NO_COMMON_BLOCKS = YES;
				GCC_WARN_64_TO_32_BIT_CONVERSION = YES;
				GCC_WARN_ABOUT_RETURN_TYPE = YES_ERROR;
				GCC_WARN_UNDECLARED_SELECTOR = YES;
				GCC_WARN_UNINITIALIZED_AUTOS = YES_AGGRESSIVE;
				GCC_WARN_UNUSED_FUNCTION = YES;
				GCC_WARN_UNUSED_VARIABLE = YES;
				IPHONEOS_DEPLOYMENT_TARGET = 12.1;
				MTL_ENABLE_DEBUG_INFO = NO;
				MTL_FAST_MATH = YES;
				SDKROOT = iphoneos;
				SWIFT_COMPILATION_MODE = wholemodule;
				SWIFT_OPTIMIZATION_LEVEL = "-O";
				VALIDATE_PRODUCT = YES;
			};
			name = Release;
		};
		1232C1EB2276E31A004D9393 /* Debug */ = {
			isa = XCBuildConfiguration;
			buildSettings = {
				ASSETCATALOG_COMPILER_APPICON_NAME = AppIcon;
				CODE_SIGN_STYLE = Automatic;
				DEVELOPMENT_TEAM = 89YGCXZ9X5;
				INFOPLIST_FILE = DemocracyGo/Info.plist;
				LD_RUNPATH_SEARCH_PATHS = (
					"$(inherited)",
					"@executable_path/Frameworks",
				);
				PRODUCT_BUNDLE_IDENTIFIER = burgkart.DemocracyGo;
				PRODUCT_NAME = "$(TARGET_NAME)";
				SWIFT_VERSION = 4.2;
				TARGETED_DEVICE_FAMILY = "1,2";
			};
			name = Debug;
		};
		1232C1EC2276E31A004D9393 /* Release */ = {
			isa = XCBuildConfiguration;
			buildSettings = {
				ASSETCATALOG_COMPILER_APPICON_NAME = AppIcon;
				CODE_SIGN_STYLE = Automatic;
				DEVELOPMENT_TEAM = 89YGCXZ9X5;
				INFOPLIST_FILE = DemocracyGo/Info.plist;
				LD_RUNPATH_SEARCH_PATHS = (
					"$(inherited)",
					"@executable_path/Frameworks",
				);
				PRODUCT_BUNDLE_IDENTIFIER = burgkart.DemocracyGo;
				PRODUCT_NAME = "$(TARGET_NAME)";
				SWIFT_VERSION = 4.2;
				TARGETED_DEVICE_FAMILY = "1,2";
			};
			name = Release;
		};
/* End XCBuildConfiguration section */

/* Begin XCConfigurationList section */
		1232C1D02276E318004D9393 /* Build configuration list for PBXProject "DemocracyGo" */ = {
			isa = XCConfigurationList;
			buildConfigurations = (
				1232C1E82276E31A004D9393 /* Debug */,
				1232C1E92276E31A004D9393 /* Release */,
			);
			defaultConfigurationIsVisible = 0;
			defaultConfigurationName = Release;
		};
		1232C1EA2276E31A004D9393 /* Build configuration list for PBXNativeTarget "DemocracyGo" */ = {
			isa = XCConfigurationList;
			buildConfigurations = (
				1232C1EB2276E31A004D9393 /* Debug */,
				1232C1EC2276E31A004D9393 /* Release */,
			);
			defaultConfigurationIsVisible = 0;
			defaultConfigurationName = Release;
		};
/* End XCConfigurationList section */

/* Begin XCVersionGroup section */
		1232C1DF2276E318004D9393 /* DemocracyGo.xcdatamodeld */ = {
			isa = XCVersionGroup;
			children = (
				1232C1E02276E318004D9393 /* DemocracyGo.xcdatamodel */,
			);
			currentVersion = 1232C1E02276E318004D9393 /* DemocracyGo.xcdatamodel */;
			path = DemocracyGo.xcdatamodeld;
			sourceTree = "<group>";
			versionGroupType = wrapper.xcdatamodel;
		};
/* End XCVersionGroup section */
	};
	rootObject = 1232C1CD2276E318004D9393 /* Project object */;
}
